// !$*UTF8*$!
{
	archiveVersion = 1;
	classes = {
	};
	objectVersion = 70;
	objects = {

/* Begin PBXBuildFile section */
		24FF35FC2CA4738C00B29D19 /* FirebaseAuth in Frameworks */ = {isa = PBXBuildFile; productRef = 24FF35FB2CA4738C00B29D19 /* FirebaseAuth */; };
		24FF35FE2CA4738C00B29D19 /* FirebaseFirestore in Frameworks */ = {isa = PBXBuildFile; productRef = 24FF35FD2CA4738C00B29D19 /* FirebaseFirestore */; };
		BA5D76C52CA18DE9003694FC /* Assets.xcassets in Resources */ = {isa = PBXBuildFile; fileRef = BA5D76C42CA18DE9003694FC /* Assets.xcassets */; };
		BA5D76C82CA18DE9003694FC /* Preview Assets.xcassets in Resources */ = {isa = PBXBuildFile; fileRef = BA5D76C72CA18DE9003694FC /* Preview Assets.xcassets */; };
		BA5D76D22CA18DEA003694FC /* PoentjakTests.swift in Sources */ = {isa = PBXBuildFile; fileRef = BA5D76D12CA18DEA003694FC /* PoentjakTests.swift */; };
		BA5D76DC2CA18DEA003694FC /* PoentjakUITests.swift in Sources */ = {isa = PBXBuildFile; fileRef = BA5D76DB2CA18DEA003694FC /* PoentjakUITests.swift */; };
		BA5D76DE2CA18DEA003694FC /* PoentjakUITestsLaunchTests.swift in Sources */ = {isa = PBXBuildFile; fileRef = BA5D76DD2CA18DEA003694FC /* PoentjakUITestsLaunchTests.swift */; };
		BA63D3592CA30EAC0080C219 /* RangerConfirmation.swift in Sources */ = {isa = PBXBuildFile; fileRef = BA63D3582CA30EA70080C219 /* RangerConfirmation.swift */; };
		BAB7417B2CA1D39E00B983FE /* GoogleService-Info.plist in Resources */ = {isa = PBXBuildFile; fileRef = BAB7417A2CA1D39E00B983FE /* GoogleService-Info.plist */; };
		BAB7417C2CA1D39E00B983FE /* GoogleService-Info.plist in Resources */ = {isa = PBXBuildFile; fileRef = BAB7417A2CA1D39E00B983FE /* GoogleService-Info.plist */; };
		BAB7417D2CA1D39E00B983FE /* GoogleService-Info.plist in Resources */ = {isa = PBXBuildFile; fileRef = BAB7417A2CA1D39E00B983FE /* GoogleService-Info.plist */; };
		BAB741802CA1D57A00B983FE /* FirebaseAnalytics in Frameworks */ = {isa = PBXBuildFile; productRef = BAB7417F2CA1D57A00B983FE /* FirebaseAnalytics */; };
		BAC0EC212CA1EA1200A1865C /* FetchData.swift in Sources */ = {isa = PBXBuildFile; fileRef = BAC0EC202CA1EA0500A1865C /* FetchData.swift */; };
		BAC0EC232CA1EA9200A1865C /* FirebaseDatabase in Frameworks */ = {isa = PBXBuildFile; productRef = BAC0EC222CA1EA9200A1865C /* FirebaseDatabase */; };
/* End PBXBuildFile section */

/* Begin PBXContainerItemProxy section */
		BA5D76CE2CA18DEA003694FC /* PBXContainerItemProxy */ = {
			isa = PBXContainerItemProxy;
			containerPortal = BA5D76B52CA18DE8003694FC /* Project object */;
			proxyType = 1;
			remoteGlobalIDString = BA5D76BC2CA18DE8003694FC;
			remoteInfo = Poentjak;
		};
		BA5D76D82CA18DEA003694FC /* PBXContainerItemProxy */ = {
			isa = PBXContainerItemProxy;
			containerPortal = BA5D76B52CA18DE8003694FC /* Project object */;
			proxyType = 1;
			remoteGlobalIDString = BA5D76BC2CA18DE8003694FC;
			remoteInfo = Poentjak;
		};
/* End PBXContainerItemProxy section */

/* Begin PBXFileReference section */
		BA5D76BD2CA18DE8003694FC /* Poentjak.app */ = {isa = PBXFileReference; explicitFileType = wrapper.application; includeInIndex = 0; path = Poentjak.app; sourceTree = BUILT_PRODUCTS_DIR; };
		BA5D76C42CA18DE9003694FC /* Assets.xcassets */ = {isa = PBXFileReference; lastKnownFileType = folder.assetcatalog; path = Assets.xcassets; sourceTree = "<group>"; };
		BA5D76C72CA18DE9003694FC /* Preview Assets.xcassets */ = {isa = PBXFileReference; lastKnownFileType = folder.assetcatalog; path = "Preview Assets.xcassets"; sourceTree = "<group>"; };
		BA5D76CD2CA18DEA003694FC /* PoentjakTests.xctest */ = {isa = PBXFileReference; explicitFileType = wrapper.cfbundle; includeInIndex = 0; path = PoentjakTests.xctest; sourceTree = BUILT_PRODUCTS_DIR; };
		BA5D76D12CA18DEA003694FC /* PoentjakTests.swift */ = {isa = PBXFileReference; lastKnownFileType = sourcecode.swift; path = PoentjakTests.swift; sourceTree = "<group>"; };
		BA5D76D72CA18DEA003694FC /* PoentjakUITests.xctest */ = {isa = PBXFileReference; explicitFileType = wrapper.cfbundle; includeInIndex = 0; path = PoentjakUITests.xctest; sourceTree = BUILT_PRODUCTS_DIR; };
		BA5D76DB2CA18DEA003694FC /* PoentjakUITests.swift */ = {isa = PBXFileReference; lastKnownFileType = sourcecode.swift; path = PoentjakUITests.swift; sourceTree = "<group>"; };
		BA5D76DD2CA18DEA003694FC /* PoentjakUITestsLaunchTests.swift */ = {isa = PBXFileReference; lastKnownFileType = sourcecode.swift; path = PoentjakUITestsLaunchTests.swift; sourceTree = "<group>"; };
		BA63D3582CA30EA70080C219 /* RangerConfirmation.swift */ = {isa = PBXFileReference; lastKnownFileType = sourcecode.swift; path = RangerConfirmation.swift; sourceTree = "<group>"; };
		BAB7417A2CA1D39E00B983FE /* GoogleService-Info.plist */ = {isa = PBXFileReference; lastKnownFileType = text.plist.xml; path = "GoogleService-Info.plist"; sourceTree = "<group>"; };
		BAC0EC202CA1EA0500A1865C /* FetchData.swift */ = {isa = PBXFileReference; lastKnownFileType = sourcecode.swift; path = FetchData.swift; sourceTree = "<group>"; };
/* End PBXFileReference section */

/* Begin PBXFileSystemSynchronizedRootGroup section */
		1638C6E32CB3955C008FC534 /* NavigationModules */ = {isa = PBXFileSystemSynchronizedRootGroup; explicitFileTypes = {}; explicitFolders = (); path = NavigationModules; sourceTree = "<group>"; };
		24FF36212CA50EAF00B29D19 /* Views */ = {isa = PBXFileSystemSynchronizedRootGroup; explicitFileTypes = {}; explicitFolders = (); path = Views; sourceTree = "<group>"; };
		24FF362C2CA5610E00B29D19 /* Shared */ = {isa = PBXFileSystemSynchronizedRootGroup; explicitFileTypes = {}; explicitFolders = (); path = Shared; sourceTree = "<group>"; };
		24FF366F2CA9AEEC00B29D19 /* EmergencyRanger */ = {isa = PBXFileSystemSynchronizedRootGroup; explicitFileTypes = {}; explicitFolders = (); path = EmergencyRanger; sourceTree = "<group>"; };
		3D80C0522CB39E3A007CC03F /* Emergency */ = {isa = PBXFileSystemSynchronizedRootGroup; explicitFileTypes = {}; explicitFolders = (); path = Emergency; sourceTree = "<group>"; };
		3D80C2F92CB43805007CC03F /* Authentication */ = {isa = PBXFileSystemSynchronizedRootGroup; explicitFileTypes = {}; explicitFolders = (); path = Authentication; sourceTree = "<group>"; };
		BA1067E12CB39A330014D599 /* ActiveEmergencyModule */ = {isa = PBXFileSystemSynchronizedRootGroup; explicitFileTypes = {}; explicitFolders = (); path = ActiveEmergencyModule; sourceTree = "<group>"; };
		BA106B032CB3F5FB0014D599 /* Application */ = {isa = PBXFileSystemSynchronizedRootGroup; explicitFileTypes = {}; explicitFolders = (); path = Application; sourceTree = "<group>"; };
		BA106B052CB3F6030014D599 /* RangerControlPanelModule */ = {isa = PBXFileSystemSynchronizedRootGroup; explicitFileTypes = {}; explicitFolders = (); path = RangerControlPanelModule; sourceTree = "<group>"; };
		BA106EBF2CB56D660014D599 /* MountainCardsModule */ = {isa = PBXFileSystemSynchronizedRootGroup; explicitFileTypes = {}; explicitFolders = (); path = MountainCardsModule; sourceTree = "<group>"; };
/* End PBXFileSystemSynchronizedRootGroup section */

/* Begin PBXFrameworksBuildPhase section */
		BA5D76BA2CA18DE8003694FC /* Frameworks */ = {
			isa = PBXFrameworksBuildPhase;
			buildActionMask = 2147483647;
			files = (
				BAC0EC232CA1EA9200A1865C /* FirebaseDatabase in Frameworks */,
				BAB741802CA1D57A00B983FE /* FirebaseAnalytics in Frameworks */,
				24FF35FC2CA4738C00B29D19 /* FirebaseAuth in Frameworks */,
				24FF35FE2CA4738C00B29D19 /* FirebaseFirestore in Frameworks */,
			);
			runOnlyForDeploymentPostprocessing = 0;
		};
		BA5D76CA2CA18DEA003694FC /* Frameworks */ = {
			isa = PBXFrameworksBuildPhase;
			buildActionMask = 2147483647;
			files = (
			);
			runOnlyForDeploymentPostprocessing = 0;
		};
		BA5D76D42CA18DEA003694FC /* Frameworks */ = {
			isa = PBXFrameworksBuildPhase;
			buildActionMask = 2147483647;
			files = (
			);
			runOnlyForDeploymentPostprocessing = 0;
		};
/* End PBXFrameworksBuildPhase section */

/* Begin PBXGroup section */
		BA5D76B42CA18DE8003694FC = {
			isa = PBXGroup;
			children = (
				BA5D76BF2CA18DE8003694FC /* Poentjak */,
				BA5D76D02CA18DEA003694FC /* PoentjakTests */,
				BA5D76DA2CA18DEA003694FC /* PoentjakUITests */,
				BA5D76BE2CA18DE8003694FC /* Products */,
			);
			sourceTree = "<group>";
		};
		BA5D76BE2CA18DE8003694FC /* Products */ = {
			isa = PBXGroup;
			children = (
				BA5D76BD2CA18DE8003694FC /* Poentjak.app */,
				BA5D76CD2CA18DEA003694FC /* PoentjakTests.xctest */,
				BA5D76D72CA18DEA003694FC /* PoentjakUITests.xctest */,
			);
			name = Products;
			sourceTree = "<group>";
		};
		BA5D76BF2CA18DE8003694FC /* Poentjak */ = {
			isa = PBXGroup;
			children = (
				BA106EBF2CB56D660014D599 /* MountainCardsModule */,
				BA106B052CB3F6030014D599 /* RangerControlPanelModule */,
				1638C6E32CB3955C008FC534 /* NavigationModules */,
				BA106B032CB3F5FB0014D599 /* Application */,
				BA1067E12CB39A330014D599 /* ActiveEmergencyModule */,
				24FF366F2CA9AEEC00B29D19 /* EmergencyRanger */,
				24FF362C2CA5610E00B29D19 /* Shared */,
				24FF36212CA50EAF00B29D19 /* Views */,
				3D80C0522CB39E3A007CC03F /* Emergency */,
				3D80C2F92CB43805007CC03F /* Authentication */,
				BAB7417A2CA1D39E00B983FE /* GoogleService-Info.plist */,
				BA63D3582CA30EA70080C219 /* RangerConfirmation.swift */,
				BAC0EC202CA1EA0500A1865C /* FetchData.swift */,
				BA5D76C42CA18DE9003694FC /* Assets.xcassets */,
				BA5D76C62CA18DE9003694FC /* Preview Content */,
			);
			path = Poentjak;
			sourceTree = "<group>";
		};
		BA5D76C62CA18DE9003694FC /* Preview Content */ = {
			isa = PBXGroup;
			children = (
				BA5D76C72CA18DE9003694FC /* Preview Assets.xcassets */,
			);
			path = "Preview Content";
			sourceTree = "<group>";
		};
		BA5D76D02CA18DEA003694FC /* PoentjakTests */ = {
			isa = PBXGroup;
			children = (
				BA5D76D12CA18DEA003694FC /* PoentjakTests.swift */,
			);
			path = PoentjakTests;
			sourceTree = "<group>";
		};
		BA5D76DA2CA18DEA003694FC /* PoentjakUITests */ = {
			isa = PBXGroup;
			children = (
				BA5D76DB2CA18DEA003694FC /* PoentjakUITests.swift */,
				BA5D76DD2CA18DEA003694FC /* PoentjakUITestsLaunchTests.swift */,
			);
			path = PoentjakUITests;
			sourceTree = "<group>";
		};
/* End PBXGroup section */

/* Begin PBXNativeTarget section */
		BA5D76BC2CA18DE8003694FC /* Poentjak */ = {
			isa = PBXNativeTarget;
			buildConfigurationList = BA5D76E12CA18DEA003694FC /* Build configuration list for PBXNativeTarget "Poentjak" */;
			buildPhases = (
				BA5D76B92CA18DE8003694FC /* Sources */,
				BA5D76BA2CA18DE8003694FC /* Frameworks */,
				BA5D76BB2CA18DE8003694FC /* Resources */,
			);
			buildRules = (
			);
			dependencies = (
			);
			fileSystemSynchronizedGroups = (
				1638C6E32CB3955C008FC534 /* NavigationModules */,
				24FF36212CA50EAF00B29D19 /* Views */,
				24FF362C2CA5610E00B29D19 /* Shared */,
				24FF366F2CA9AEEC00B29D19 /* EmergencyRanger */,
				3D80C0522CB39E3A007CC03F /* Emergency */,
				3D80C2F92CB43805007CC03F /* Authentication */,
				BA1067E12CB39A330014D599 /* ActiveEmergencyModule */,
				BA106B032CB3F5FB0014D599 /* Application */,
				BA106B052CB3F6030014D599 /* RangerControlPanelModule */,
				BA106EBF2CB56D660014D599 /* MountainCardsModule */,
			);
			name = Poentjak;
			productName = Poentjak;
			productReference = BA5D76BD2CA18DE8003694FC /* Poentjak.app */;
			productType = "com.apple.product-type.application";
		};
		BA5D76CC2CA18DEA003694FC /* PoentjakTests */ = {
			isa = PBXNativeTarget;
			buildConfigurationList = BA5D76E42CA18DEA003694FC /* Build configuration list for PBXNativeTarget "PoentjakTests" */;
			buildPhases = (
				BA5D76C92CA18DEA003694FC /* Sources */,
				BA5D76CA2CA18DEA003694FC /* Frameworks */,
				BA5D76CB2CA18DEA003694FC /* Resources */,
			);
			buildRules = (
			);
			dependencies = (
				BA5D76CF2CA18DEA003694FC /* PBXTargetDependency */,
			);
			name = PoentjakTests;
			productName = PoentjakTests;
			productReference = BA5D76CD2CA18DEA003694FC /* PoentjakTests.xctest */;
			productType = "com.apple.product-type.bundle.unit-test";
		};
		BA5D76D62CA18DEA003694FC /* PoentjakUITests */ = {
			isa = PBXNativeTarget;
			buildConfigurationList = BA5D76E72CA18DEA003694FC /* Build configuration list for PBXNativeTarget "PoentjakUITests" */;
			buildPhases = (
				BA5D76D32CA18DEA003694FC /* Sources */,
				BA5D76D42CA18DEA003694FC /* Frameworks */,
				BA5D76D52CA18DEA003694FC /* Resources */,
			);
			buildRules = (
			);
			dependencies = (
				BA5D76D92CA18DEA003694FC /* PBXTargetDependency */,
			);
			name = PoentjakUITests;
			productName = PoentjakUITests;
			productReference = BA5D76D72CA18DEA003694FC /* PoentjakUITests.xctest */;
			productType = "com.apple.product-type.bundle.ui-testing";
		};
/* End PBXNativeTarget section */

/* Begin PBXProject section */
		BA5D76B52CA18DE8003694FC /* Project object */ = {
			isa = PBXProject;
			attributes = {
				BuildIndependentTargetsInParallel = 1;
				LastSwiftUpdateCheck = 1540;
				LastUpgradeCheck = 1600;
				TargetAttributes = {
					BA5D76BC2CA18DE8003694FC = {
						CreatedOnToolsVersion = 15.4;
					};
					BA5D76CC2CA18DEA003694FC = {
						CreatedOnToolsVersion = 15.4;
						TestTargetID = BA5D76BC2CA18DE8003694FC;
					};
					BA5D76D62CA18DEA003694FC = {
						CreatedOnToolsVersion = 15.4;
						TestTargetID = BA5D76BC2CA18DE8003694FC;
					};
				};
			};
			buildConfigurationList = BA5D76B82CA18DE8003694FC /* Build configuration list for PBXProject "Poentjak" */;
			compatibilityVersion = "Xcode 14.0";
			developmentRegion = en;
			hasScannedForEncodings = 0;
			knownRegions = (
				en,
				Base,
			);
			mainGroup = BA5D76B42CA18DE8003694FC;
			packageReferences = (
				BAB7417E2CA1D57A00B983FE /* XCRemoteSwiftPackageReference "firebase-ios-sdk" */,
			);
			productRefGroup = BA5D76BE2CA18DE8003694FC /* Products */;
			projectDirPath = "";
			projectRoot = "";
			targets = (
				BA5D76BC2CA18DE8003694FC /* Poentjak */,
				BA5D76CC2CA18DEA003694FC /* PoentjakTests */,
				BA5D76D62CA18DEA003694FC /* PoentjakUITests */,
			);
		};
/* End PBXProject section */

/* Begin PBXResourcesBuildPhase section */
		BA5D76BB2CA18DE8003694FC /* Resources */ = {
			isa = PBXResourcesBuildPhase;
			buildActionMask = 2147483647;
			files = (
				BA5D76C82CA18DE9003694FC /* Preview Assets.xcassets in Resources */,
				BA5D76C52CA18DE9003694FC /* Assets.xcassets in Resources */,
				BAB7417B2CA1D39E00B983FE /* GoogleService-Info.plist in Resources */,
			);
			runOnlyForDeploymentPostprocessing = 0;
		};
		BA5D76CB2CA18DEA003694FC /* Resources */ = {
			isa = PBXResourcesBuildPhase;
			buildActionMask = 2147483647;
			files = (
				BAB7417C2CA1D39E00B983FE /* GoogleService-Info.plist in Resources */,
			);
			runOnlyForDeploymentPostprocessing = 0;
		};
		BA5D76D52CA18DEA003694FC /* Resources */ = {
			isa = PBXResourcesBuildPhase;
			buildActionMask = 2147483647;
			files = (
				BAB7417D2CA1D39E00B983FE /* GoogleService-Info.plist in Resources */,
			);
			runOnlyForDeploymentPostprocessing = 0;
		};
/* End PBXResourcesBuildPhase section */

/* Begin PBXSourcesBuildPhase section */
		BA5D76B92CA18DE8003694FC /* Sources */ = {
			isa = PBXSourcesBuildPhase;
			buildActionMask = 2147483647;
			files = (
				BAC0EC212CA1EA1200A1865C /* FetchData.swift in Sources */,
				BA63D3592CA30EAC0080C219 /* RangerConfirmation.swift in Sources */,
			);
			runOnlyForDeploymentPostprocessing = 0;
		};
		BA5D76C92CA18DEA003694FC /* Sources */ = {
			isa = PBXSourcesBuildPhase;
			buildActionMask = 2147483647;
			files = (
				BA5D76D22CA18DEA003694FC /* PoentjakTests.swift in Sources */,
			);
			runOnlyForDeploymentPostprocessing = 0;
		};
		BA5D76D32CA18DEA003694FC /* Sources */ = {
			isa = PBXSourcesBuildPhase;
			buildActionMask = 2147483647;
			files = (
				BA5D76DE2CA18DEA003694FC /* PoentjakUITestsLaunchTests.swift in Sources */,
				BA5D76DC2CA18DEA003694FC /* PoentjakUITests.swift in Sources */,
			);
			runOnlyForDeploymentPostprocessing = 0;
		};
/* End PBXSourcesBuildPhase section */

/* Begin PBXTargetDependency section */
		BA5D76CF2CA18DEA003694FC /* PBXTargetDependency */ = {
			isa = PBXTargetDependency;
			target = BA5D76BC2CA18DE8003694FC /* Poentjak */;
			targetProxy = BA5D76CE2CA18DEA003694FC /* PBXContainerItemProxy */;
		};
		BA5D76D92CA18DEA003694FC /* PBXTargetDependency */ = {
			isa = PBXTargetDependency;
			target = BA5D76BC2CA18DE8003694FC /* Poentjak */;
			targetProxy = BA5D76D82CA18DEA003694FC /* PBXContainerItemProxy */;
		};
/* End PBXTargetDependency section */

/* Begin XCBuildConfiguration section */
		BA5D76DF2CA18DEA003694FC /* Debug */ = {
			isa = XCBuildConfiguration;
			buildSettings = {
				ALWAYS_SEARCH_USER_PATHS = NO;
				ASSETCATALOG_COMPILER_GENERATE_SWIFT_ASSET_SYMBOL_EXTENSIONS = YES;
				CLANG_ANALYZER_NONNULL = YES;
				CLANG_ANALYZER_NUMBER_OBJECT_CONVERSION = YES_AGGRESSIVE;
				CLANG_CXX_LANGUAGE_STANDARD = "gnu++20";
				CLANG_ENABLE_MODULES = YES;
				CLANG_ENABLE_OBJC_ARC = YES;
				CLANG_ENABLE_OBJC_WEAK = YES;
				CLANG_WARN_BLOCK_CAPTURE_AUTORELEASING = YES;
				CLANG_WARN_BOOL_CONVERSION = YES;
				CLANG_WARN_COMMA = YES;
				CLANG_WARN_CONSTANT_CONVERSION = YES;
				CLANG_WARN_DEPRECATED_OBJC_IMPLEMENTATIONS = YES;
				CLANG_WARN_DIRECT_OBJC_ISA_USAGE = YES_ERROR;
				CLANG_WARN_DOCUMENTATION_COMMENTS = YES;
				CLANG_WARN_EMPTY_BODY = YES;
				CLANG_WARN_ENUM_CONVERSION = YES;
				CLANG_WARN_INFINITE_RECURSION = YES;
				CLANG_WARN_INT_CONVERSION = YES;
				CLANG_WARN_NON_LITERAL_NULL_CONVERSION = YES;
				CLANG_WARN_OBJC_IMPLICIT_RETAIN_SELF = YES;
				CLANG_WARN_OBJC_LITERAL_CONVERSION = YES;
				CLANG_WARN_OBJC_ROOT_CLASS = YES_ERROR;
				CLANG_WARN_QUOTED_INCLUDE_IN_FRAMEWORK_HEADER = YES;
				CLANG_WARN_RANGE_LOOP_ANALYSIS = YES;
				CLANG_WARN_STRICT_PROTOTYPES = YES;
				CLANG_WARN_SUSPICIOUS_MOVE = YES;
				CLANG_WARN_UNGUARDED_AVAILABILITY = YES_AGGRESSIVE;
				CLANG_WARN_UNREACHABLE_CODE = YES;
				CLANG_WARN__DUPLICATE_METHOD_MATCH = YES;
				COPY_PHASE_STRIP = NO;
				DEBUG_INFORMATION_FORMAT = dwarf;
				ENABLE_STRICT_OBJC_MSGSEND = YES;
				ENABLE_TESTABILITY = YES;
				ENABLE_USER_SCRIPT_SANDBOXING = YES;
				GCC_C_LANGUAGE_STANDARD = gnu17;
				GCC_DYNAMIC_NO_PIC = NO;
				GCC_NO_COMMON_BLOCKS = YES;
				GCC_OPTIMIZATION_LEVEL = 0;
				GCC_PREPROCESSOR_DEFINITIONS = (
					"DEBUG=1",
					"$(inherited)",
				);
				GCC_WARN_64_TO_32_BIT_CONVERSION = YES;
				GCC_WARN_ABOUT_RETURN_TYPE = YES_ERROR;
				GCC_WARN_UNDECLARED_SELECTOR = YES;
				GCC_WARN_UNINITIALIZED_AUTOS = YES_AGGRESSIVE;
				GCC_WARN_UNUSED_FUNCTION = YES;
				GCC_WARN_UNUSED_VARIABLE = YES;
				IPHONEOS_DEPLOYMENT_TARGET = 17.5;
				LOCALIZATION_PREFERS_STRING_CATALOGS = YES;
				MTL_ENABLE_DEBUG_INFO = INCLUDE_SOURCE;
				MTL_FAST_MATH = YES;
				ONLY_ACTIVE_ARCH = YES;
				SDKROOT = iphoneos;
				SWIFT_ACTIVE_COMPILATION_CONDITIONS = "DEBUG $(inherited)";
				SWIFT_OPTIMIZATION_LEVEL = "-Onone";
			};
			name = Debug;
		};
		BA5D76E02CA18DEA003694FC /* Release */ = {
			isa = XCBuildConfiguration;
			buildSettings = {
				ALWAYS_SEARCH_USER_PATHS = NO;
				ASSETCATALOG_COMPILER_GENERATE_SWIFT_ASSET_SYMBOL_EXTENSIONS = YES;
				CLANG_ANALYZER_NONNULL = YES;
				CLANG_ANALYZER_NUMBER_OBJECT_CONVERSION = YES_AGGRESSIVE;
				CLANG_CXX_LANGUAGE_STANDARD = "gnu++20";
				CLANG_ENABLE_MODULES = YES;
				CLANG_ENABLE_OBJC_ARC = YES;
				CLANG_ENABLE_OBJC_WEAK = YES;
				CLANG_WARN_BLOCK_CAPTURE_AUTORELEASING = YES;
				CLANG_WARN_BOOL_CONVERSION = YES;
				CLANG_WARN_COMMA = YES;
				CLANG_WARN_CONSTANT_CONVERSION = YES;
				CLANG_WARN_DEPRECATED_OBJC_IMPLEMENTATIONS = YES;
				CLANG_WARN_DIRECT_OBJC_ISA_USAGE = YES_ERROR;
				CLANG_WARN_DOCUMENTATION_COMMENTS = YES;
				CLANG_WARN_EMPTY_BODY = YES;
				CLANG_WARN_ENUM_CONVERSION = YES;
				CLANG_WARN_INFINITE_RECURSION = YES;
				CLANG_WARN_INT_CONVERSION = YES;
				CLANG_WARN_NON_LITERAL_NULL_CONVERSION = YES;
				CLANG_WARN_OBJC_IMPLICIT_RETAIN_SELF = YES;
				CLANG_WARN_OBJC_LITERAL_CONVERSION = YES;
				CLANG_WARN_OBJC_ROOT_CLASS = YES_ERROR;
				CLANG_WARN_QUOTED_INCLUDE_IN_FRAMEWORK_HEADER = YES;
				CLANG_WARN_RANGE_LOOP_ANALYSIS = YES;
				CLANG_WARN_STRICT_PROTOTYPES = YES;
				CLANG_WARN_SUSPICIOUS_MOVE = YES;
				CLANG_WARN_UNGUARDED_AVAILABILITY = YES_AGGRESSIVE;
				CLANG_WARN_UNREACHABLE_CODE = YES;
				CLANG_WARN__DUPLICATE_METHOD_MATCH = YES;
				COPY_PHASE_STRIP = NO;
				DEBUG_INFORMATION_FORMAT = "dwarf-with-dsym";
				ENABLE_NS_ASSERTIONS = NO;
				ENABLE_STRICT_OBJC_MSGSEND = YES;
				ENABLE_USER_SCRIPT_SANDBOXING = YES;
				GCC_C_LANGUAGE_STANDARD = gnu17;
				GCC_NO_COMMON_BLOCKS = YES;
				GCC_WARN_64_TO_32_BIT_CONVERSION = YES;
				GCC_WARN_ABOUT_RETURN_TYPE = YES_ERROR;
				GCC_WARN_UNDECLARED_SELECTOR = YES;
				GCC_WARN_UNINITIALIZED_AUTOS = YES_AGGRESSIVE;
				GCC_WARN_UNUSED_FUNCTION = YES;
				GCC_WARN_UNUSED_VARIABLE = YES;
				IPHONEOS_DEPLOYMENT_TARGET = 17.5;
				LOCALIZATION_PREFERS_STRING_CATALOGS = YES;
				MTL_ENABLE_DEBUG_INFO = NO;
				MTL_FAST_MATH = YES;
				SDKROOT = iphoneos;
				SWIFT_COMPILATION_MODE = wholemodule;
				VALIDATE_PRODUCT = YES;
			};
			name = Release;
		};
		BA5D76E22CA18DEA003694FC /* Debug */ = {
			isa = XCBuildConfiguration;
			buildSettings = {
				ASSETCATALOG_COMPILER_APPICON_NAME = AppIcon;
				ASSETCATALOG_COMPILER_GLOBAL_ACCENT_COLOR_NAME = AccentColor;
				CODE_SIGN_STYLE = Automatic;
				CURRENT_PROJECT_VERSION = 1;
				DEVELOPMENT_ASSET_PATHS = "\"Poentjak/Preview Content\"";
				DEVELOPMENT_TEAM = 3L9D9QLCDG;
				ENABLE_PREVIEWS = YES;
				GENERATE_INFOPLIST_FILE = YES;
				INFOPLIST_KEY_NSLocationAlwaysAndWhenInUseUsageDescription = "";
				INFOPLIST_KEY_NSLocationAlwaysUsageDescription = "";
				INFOPLIST_KEY_NSLocationWhenInUseUsageDescription = "";
				INFOPLIST_KEY_UIApplicationSceneManifest_Generation = YES;
				INFOPLIST_KEY_UIApplicationSupportsIndirectInputEvents = YES;
				INFOPLIST_KEY_UILaunchScreen_Generation = YES;
				INFOPLIST_KEY_UISupportedInterfaceOrientations_iPad = "UIInterfaceOrientationPortrait UIInterfaceOrientationPortraitUpsideDown UIInterfaceOrientationLandscapeLeft UIInterfaceOrientationLandscapeRight";
				INFOPLIST_KEY_UISupportedInterfaceOrientations_iPhone = "UIInterfaceOrientationPortrait UIInterfaceOrientationLandscapeLeft UIInterfaceOrientationLandscapeRight";
				LD_RUNPATH_SEARCH_PATHS = (
					"$(inherited)",
					"@executable_path/Frameworks",
				);
				MARKETING_VERSION = 1.0;
				PRODUCT_BUNDLE_IDENTIFIER = com.pang.Poentjak;
				PRODUCT_NAME = "$(TARGET_NAME)";
				SWIFT_EMIT_LOC_STRINGS = YES;
				SWIFT_VERSION = 5.0;
				TARGETED_DEVICE_FAMILY = "1,2";
			};
			name = Debug;
		};
		BA5D76E32CA18DEA003694FC /* Release */ = {
			isa = XCBuildConfiguration;
			buildSettings = {
				ASSETCATALOG_COMPILER_APPICON_NAME = AppIcon;
				ASSETCATALOG_COMPILER_GLOBAL_ACCENT_COLOR_NAME = AccentColor;
				CODE_SIGN_STYLE = Automatic;
				CURRENT_PROJECT_VERSION = 1;
				DEVELOPMENT_ASSET_PATHS = "\"Poentjak/Preview Content\"";
				DEVELOPMENT_TEAM = 3L9D9QLCDG;
				ENABLE_PREVIEWS = YES;
				GENERATE_INFOPLIST_FILE = YES;
				INFOPLIST_KEY_NSLocationAlwaysAndWhenInUseUsageDescription = "";
				INFOPLIST_KEY_NSLocationAlwaysUsageDescription = "";
				INFOPLIST_KEY_NSLocationWhenInUseUsageDescription = "";
				INFOPLIST_KEY_UIApplicationSceneManifest_Generation = YES;
				INFOPLIST_KEY_UIApplicationSupportsIndirectInputEvents = YES;
				INFOPLIST_KEY_UILaunchScreen_Generation = YES;
				INFOPLIST_KEY_UISupportedInterfaceOrientations_iPad = "UIInterfaceOrientationPortrait UIInterfaceOrientationPortraitUpsideDown UIInterfaceOrientationLandscapeLeft UIInterfaceOrientationLandscapeRight";
				INFOPLIST_KEY_UISupportedInterfaceOrientations_iPhone = "UIInterfaceOrientationPortrait UIInterfaceOrientationLandscapeLeft UIInterfaceOrientationLandscapeRight";
				LD_RUNPATH_SEARCH_PATHS = (
					"$(inherited)",
					"@executable_path/Frameworks",
				);
				MARKETING_VERSION = 1.0;
				PRODUCT_BUNDLE_IDENTIFIER = com.pang.Poentjak;
				PRODUCT_NAME = "$(TARGET_NAME)";
				SWIFT_EMIT_LOC_STRINGS = YES;
				SWIFT_VERSION = 5.0;
				TARGETED_DEVICE_FAMILY = "1,2";
			};
			name = Release;
		};
		BA5D76E52CA18DEA003694FC /* Debug */ = {
			isa = XCBuildConfiguration;
			buildSettings = {
				BUNDLE_LOADER = "$(TEST_HOST)";
				CODE_SIGN_STYLE = Automatic;
				CURRENT_PROJECT_VERSION = 1;
				DEVELOPMENT_TEAM = CAPH2JRFFZ;
				GENERATE_INFOPLIST_FILE = YES;
				IPHONEOS_DEPLOYMENT_TARGET = 17.5;
				MARKETING_VERSION = 1.0;
				PRODUCT_BUNDLE_IDENTIFIER = com.pang.PoentjakTests;
				PRODUCT_NAME = "$(TARGET_NAME)";
				SWIFT_EMIT_LOC_STRINGS = NO;
				SWIFT_VERSION = 5.0;
				TARGETED_DEVICE_FAMILY = "1,2";
				TEST_HOST = "$(BUILT_PRODUCTS_DIR)/Poentjak.app/$(BUNDLE_EXECUTABLE_FOLDER_PATH)/Poentjak";
			};
			name = Debug;
		};
		BA5D76E62CA18DEA003694FC /* Release */ = {
			isa = XCBuildConfiguration;
			buildSettings = {
				BUNDLE_LOADER = "$(TEST_HOST)";
				CODE_SIGN_STYLE = Automatic;
				CURRENT_PROJECT_VERSION = 1;
				DEVELOPMENT_TEAM = CAPH2JRFFZ;
				GENERATE_INFOPLIST_FILE = YES;
				IPHONEOS_DEPLOYMENT_TARGET = 17.5;
				MARKETING_VERSION = 1.0;
				PRODUCT_BUNDLE_IDENTIFIER = com.pang.PoentjakTests;
				PRODUCT_NAME = "$(TARGET_NAME)";
				SWIFT_EMIT_LOC_STRINGS = NO;
				SWIFT_VERSION = 5.0;
				TARGETED_DEVICE_FAMILY = "1,2";
				TEST_HOST = "$(BUILT_PRODUCTS_DIR)/Poentjak.app/$(BUNDLE_EXECUTABLE_FOLDER_PATH)/Poentjak";
			};
			name = Release;
		};
		BA5D76E82CA18DEA003694FC /* Debug */ = {
			isa = XCBuildConfiguration;
			buildSettings = {
				CODE_SIGN_STYLE = Automatic;
				CURRENT_PROJECT_VERSION = 1;
				DEVELOPMENT_TEAM = CAPH2JRFFZ;
				GENERATE_INFOPLIST_FILE = YES;
				MARKETING_VERSION = 1.0;
				PRODUCT_BUNDLE_IDENTIFIER = com.pang.PoentjakUITests;
				PRODUCT_NAME = "$(TARGET_NAME)";
				SWIFT_EMIT_LOC_STRINGS = NO;
				SWIFT_VERSION = 5.0;
				TARGETED_DEVICE_FAMILY = "1,2";
				TEST_TARGET_NAME = Poentjak;
			};
			name = Debug;
		};
		BA5D76E92CA18DEA003694FC /* Release */ = {
			isa = XCBuildConfiguration;
			buildSettings = {
				CODE_SIGN_STYLE = Automatic;
				CURRENT_PROJECT_VERSION = 1;
				DEVELOPMENT_TEAM = CAPH2JRFFZ;
				GENERATE_INFOPLIST_FILE = YES;
				MARKETING_VERSION = 1.0;
				PRODUCT_BUNDLE_IDENTIFIER = com.pang.PoentjakUITests;
				PRODUCT_NAME = "$(TARGET_NAME)";
				SWIFT_EMIT_LOC_STRINGS = NO;
				SWIFT_VERSION = 5.0;
				TARGETED_DEVICE_FAMILY = "1,2";
				TEST_TARGET_NAME = Poentjak;
			};
			name = Release;
		};
/* End XCBuildConfiguration section */

/* Begin XCConfigurationList section */
		BA5D76B82CA18DE8003694FC /* Build configuration list for PBXProject "Poentjak" */ = {
			isa = XCConfigurationList;
			buildConfigurations = (
				BA5D76DF2CA18DEA003694FC /* Debug */,
				BA5D76E02CA18DEA003694FC /* Release */,
			);
			defaultConfigurationIsVisible = 0;
			defaultConfigurationName = Release;
		};
		BA5D76E12CA18DEA003694FC /* Build configuration list for PBXNativeTarget "Poentjak" */ = {
			isa = XCConfigurationList;
			buildConfigurations = (
				BA5D76E22CA18DEA003694FC /* Debug */,
				BA5D76E32CA18DEA003694FC /* Release */,
			);
			defaultConfigurationIsVisible = 0;
			defaultConfigurationName = Release;
		};
		BA5D76E42CA18DEA003694FC /* Build configuration list for PBXNativeTarget "PoentjakTests" */ = {
			isa = XCConfigurationList;
			buildConfigurations = (
				BA5D76E52CA18DEA003694FC /* Debug */,
				BA5D76E62CA18DEA003694FC /* Release */,
			);
			defaultConfigurationIsVisible = 0;
			defaultConfigurationName = Release;
		};
		BA5D76E72CA18DEA003694FC /* Build configuration list for PBXNativeTarget "PoentjakUITests" */ = {
			isa = XCConfigurationList;
			buildConfigurations = (
				BA5D76E82CA18DEA003694FC /* Debug */,
				BA5D76E92CA18DEA003694FC /* Release */,
			);
			defaultConfigurationIsVisible = 0;
			defaultConfigurationName = Release;
		};
/* End XCConfigurationList section */

/* Begin XCRemoteSwiftPackageReference section */
		BAB7417E2CA1D57A00B983FE /* XCRemoteSwiftPackageReference "firebase-ios-sdk" */ = {
			isa = XCRemoteSwiftPackageReference;
			repositoryURL = "https://github.com/firebase/firebase-ios-sdk";
			requirement = {
				kind = upToNextMajorVersion;
				minimumVersion = 11.2.0;
			};
		};
/* End XCRemoteSwiftPackageReference section */

/* Begin XCSwiftPackageProductDependency section */
		24FF35FB2CA4738C00B29D19 /* FirebaseAuth */ = {
			isa = XCSwiftPackageProductDependency;
			package = BAB7417E2CA1D57A00B983FE /* XCRemoteSwiftPackageReference "firebase-ios-sdk" */;
			productName = FirebaseAuth;
		};
		24FF35FD2CA4738C00B29D19 /* FirebaseFirestore */ = {
			isa = XCSwiftPackageProductDependency;
			package = BAB7417E2CA1D57A00B983FE /* XCRemoteSwiftPackageReference "firebase-ios-sdk" */;
			productName = FirebaseFirestore;
		};
		BAB7417F2CA1D57A00B983FE /* FirebaseAnalytics */ = {
			isa = XCSwiftPackageProductDependency;
			package = BAB7417E2CA1D57A00B983FE /* XCRemoteSwiftPackageReference "firebase-ios-sdk" */;
			productName = FirebaseAnalytics;
		};
		BAC0EC222CA1EA9200A1865C /* FirebaseDatabase */ = {
			isa = XCSwiftPackageProductDependency;
			package = BAB7417E2CA1D57A00B983FE /* XCRemoteSwiftPackageReference "firebase-ios-sdk" */;
			productName = FirebaseDatabase;
		};
/* End XCSwiftPackageProductDependency section */
	};
	rootObject = BA5D76B52CA18DE8003694FC /* Project object */;
}
